Microsoft Visual Studio Solution File, Format Version 12.00
# Visual Studio Version 17
VisualStudioVersion = 17.5.2.0
MinimumVisualStudioVersion = 10.0.40219.1
Project("{FAE04EC0-301F-11D3-BF4B-00C04F79EFBC}") = "DoanhNghiepPortal", "DoanhNghiepPortal\DoanhNghiepPortal.csproj", "{FDE4EE38-6731-277F-EFC2-B07ADFF108C9}"
EndProject
Global
	GlobalSection(SolutionConfigurationPlatforms) = preSolution
		Debug|Any CPU = Debug|Any CPU
		Release|Any CPU = Release|Any CPU
	EndGlobalSection
	GlobalSection(ProjectConfigurationPlatforms) = postSolution
		{FDE4EE38-6731-277F-EFC2-B07ADFF108C9}.Debug|Any CPU.ActiveCfg = Debug|Any CPU
		{FDE4EE38-6731-277F-EFC2-B07ADFF108C9}.Debug|Any CPU.Build.0 = Debug|Any CPU
		{FDE4EE38-6731-277F-EFC2-B07ADFF108C9}.Release|Any CPU.ActiveCfg = Release|Any CPU
		{FDE4EE38-6731-277F-EFC2-B07ADFF108C9}.Release|Any CPU.Build.0 = Release|Any CPU
	EndGlobalSection
	GlobalSection(SolutionProperties) = preSolution
		HideSolutionNode = FALSE
	EndGlobalSection
	GlobalSection(ExtensibilityGlobals) = postSolution
		SolutionGuid = {BA5CDC8A-7EB1-483F-8FDE-3DC312CECD71}
	EndGlobalSection
EndGlobal
